// !$*UTF8*$!
{
	archiveVersion = 1;
	classes = {
	};
	objectVersion = 46;
	objects = {

/* Begin PBXBuildFile section */
		1CDA259D1BCD604900E98B56 /* ModuleALib.h in CopyFiles */ = {isa = PBXBuildFile; fileRef = 1CDA259C1BCD604900E98B56 /* ModuleALib.h */; };
		1CDA259F1BCD604900E98B56 /* ModuleALib.m in Sources */ = {isa = PBXBuildFile; fileRef = 1CDA259E1BCD604900E98B56 /* ModuleALib.m */; };
/* End PBXBuildFile section */

/* Begin PBXCopyFilesBuildPhase section */
		1CDA25971BCD604900E98B56 /* CopyFiles */ = {
			isa = PBXCopyFilesBuildPhase;
			buildActionMask = 2147483647;
			dstPath = "include/$(PRODUCT_NAME)";
			dstSubfolderSpec = 16;
			files = (
				1CDA259D1BCD604900E98B56 /* ModuleALib.h in CopyFiles */,
			);
			runOnlyForDeploymentPostprocessing = 0;
		};
/* End PBXCopyFilesBuildPhase section */

/* Begin PBXFileReference section */
		1CDA25991BCD604900E98B56 /* libModuleALib.a */ = {isa = PBXFileReference; explicitFileType = archive.ar; includeInIndex = 0; path = libModuleALib.a; sourceTree = BUILT_PRODUCTS_DIR; };
		1CDA259C1BCD604900E98B56 /* ModuleALib.h */ = {isa = PBXFileReference; lastKnownFileType = sourcecode.c.h; path = ModuleALib.h; sourceTree = "<group>"; };
		1CDA259E1BCD604900E98B56 /* ModuleALib.m */ = {isa = PBXFileReference; lastKnownFileType = sourcecode.c.objc; path = ModuleALib.m; sourceTree = "<group>"; };
/* End PBXFileReference section */

/* Begin PBXFrameworksBuildPhase section */
		1CDA25961BCD604900E98B56 /* Frameworks */ = {
			isa = PBXFrameworksBuildPhase;
			buildActionMask = 2147483647;
			files = (
			);
			runOnlyForDeploymentPostprocessing = 0;
		};
/* End PBXFrameworksBuildPhase section */

/* Begin PBXGroup section */
		1CDA25901BCD604800E98B56 = {
			isa = PBXGroup;
			children = (
				1CDA259B1BCD604900E98B56 /* ModuleALib */,
				1CDA259A1BCD604900E98B56 /* Products */,
			);
			sourceTree = "<group>";
		};
		1CDA259A1BCD604900E98B56 /* Products */ = {
			isa = PBXGroup;
			children = (
				1CDA25991BCD604900E98B56 /* libModuleALib.a */,
			);
			name = Products;
			sourceTree = "<group>";
		};
		1CDA259B1BCD604900E98B56 /* ModuleALib */ = {
			isa = PBXGroup;
			children = (
				1CDA259C1BCD604900E98B56 /* ModuleALib.h */,
				1CDA259E1BCD604900E98B56 /* ModuleALib.m */,
			);
			path = ModuleALib;
			sourceTree = "<group>";
		};
/* End PBXGroup section */

/* Begin PBXNativeTarget section */
		1CDA25981BCD604900E98B56 /* ModuleALib */ = {
			isa = PBXNativeTarget;
			buildConfigurationList = 1CDA25A21BCD604900E98B56 /* Build configuration list for PBXNativeTarget "ModuleALib" */;
			buildPhases = (
				1CDA25951BCD604900E98B56 /* Sources */,
				1CDA25961BCD604900E98B56 /* Frameworks */,
				1CDA25971BCD604900E98B56 /* CopyFiles */,
			);
			buildRules = (
			);
			dependencies = (
			);
			name = ModuleALib;
			productName = ModuleALib;
			productReference = 1CDA25991BCD604900E98B56 /* libModuleALib.a */;
			productType = "com.apple.product-type.library.static";
		};
/* End PBXNativeTarget section */

/* Begin PBXProject section */
		1CDA25911BCD604800E98B56 /* Project object */ = {
			isa = PBXProject;
			attributes = {
				LastUpgradeCheck = 0700;
				ORGANIZATIONNAME = "Yann BONAFONS";
				TargetAttributes = {
					1CDA25981BCD604900E98B56 = {
						CreatedOnToolsVersion = 7.0;
					};
				};
			};
			buildConfigurationList = 1CDA25941BCD604800E98B56 /* Build configuration list for PBXProject "ModuleALib" */;
			compatibilityVersion = "Xcode 3.2";
			developmentRegion = English;
			hasScannedForEncodings = 0;
			knownRegions = (
				en,
			);
			mainGroup = 1CDA25901BCD604800E98B56;
			productRefGroup = 1CDA259A1BCD604900E98B56 /* Products */;
			projectDirPath = "";
			projectRoot = "";
			targets = (
				1CDA25981BCD604900E98B56 /* ModuleALib */,
			);
		};
/* End PBXProject section */

/* Begin PBXSourcesBuildPhase section */
		1CDA25951BCD604900E98B56 /* Sources */ = {
			isa = PBXSourcesBuildPhase;
			buildActionMask = 2147483647;
			files = (
				1CDA259F1BCD604900E98B56 /* ModuleALib.m in Sources */,
			);
			runOnlyForDeploymentPostprocessing = 0;
		};
/* End PBXSourcesBuildPhase section */

/* Begin XCBuildConfiguration section */
		1CDA25A01BCD604900E98B56 /* Debug */ = {
			isa = XCBuildConfiguration;
			buildSettings = {
				ALWAYS_SEARCH_USER_PATHS = NO;
				CLANG_CXX_LANGUAGE_STANDARD = "gnu++0x";
				CLANG_CXX_LIBRARY = "libc++";
				CLANG_ENABLE_MODULES = YES;
				CLANG_ENABLE_OBJC_ARC = YES;
				CLANG_WARN_BOOL_CONVERSION = YES;
				CLANG_WARN_CONSTANT_CONVERSION = YES;
				CLANG_WARN_DIRECT_OBJC_ISA_USAGE = YES_ERROR;
				CLANG_WARN_EMPTY_BODY = YES;
				CLANG_WARN_ENUM_CONVERSION = YES;
				CLANG_WARN_INT_CONVERSION = YES;
				CLANG_WARN_OBJC_ROOT_CLASS = YES_ERROR;
				CLANG_WARN_UNREACHABLE_CODE = YES;
				CLANG_WARN__DUPLICATE_METHOD_MATCH = YES;
				COPY_PHASE_STRIP = NO;
				DEBUG_INFORMATION_FORMAT = dwarf;
				ENABLE_STRICT_OBJC_MSGSEND = YES;
				ENABLE_TESTABILITY = YES;
				GCC_C_LANGUAGE_STANDARD = gnu99;
				GCC_DYNAMIC_NO_PIC = NO;
				GCC_NO_COMMON_BLOCKS = YES;
				GCC_OPTIMIZATION_LEVEL = 0;
				GCC_PREPROCESSOR_DEFINITIONS = (
					"DEBUG=1",
					"$(inherited)",
				);
				GCC_WARN_64_TO_32_BIT_CONVERSION = YES;
				GCC_WARN_ABOUT_RETURN_TYPE = YES_ERROR;
				GCC_WARN_UNDECLARED_SELECTOR = YES;
				GCC_WARN_UNINITIALIZED_AUTOS = YES_AGGRESSIVE;
				GCC_WARN_UNUSED_FUNCTION = YES;
				GCC_WARN_UNUSED_VARIABLE = YES;
				IPHONEOS_DEPLOYMENT_TARGET = 9.0;
				MTL_ENABLE_DEBUG_INFO = YES;
				ONLY_ACTIVE_ARCH = YES;
				SDKROOT = iphoneos;
			};
			name = Debug;
		};
		1CDA25A11BCD604900E98B56 /* Release */ = {
			isa = XCBuildConfiguration;
			buildSettings = {
				ALWAYS_SEARCH_USER_PATHS = NO;
				CLANG_CXX_LANGUAGE_STANDARD = "gnu++0x";
				CLANG_CXX_LIBRARY = "libc++";
				CLANG_ENABLE_MODULES = YES;
				CLANG_ENABLE_OBJC_ARC = YES;
				CLANG_WARN_BOOL_CONVERSION = YES;
				CLANG_WARN_CONSTANT_CONVERSION = YES;
				CLANG_WARN_DIRECT_OBJC_ISA_USAGE = YES_ERROR;
				CLANG_WARN_EMPTY_BODY = YES;
				CLANG_WARN_ENUM_CONVERSION = YES;
				CLANG_WARN_INT_CONVERSION = YES;
				CLANG_WARN_OBJC_ROOT_CLASS = YES_ERROR;
				CLANG_WARN_UNREACHABLE_CODE = YES;
				CLANG_WARN__DUPLICATE_METHOD_MATCH = YES;
				COPY_PHASE_STRIP = NO;
				DEBUG_INFORMATION_FORMAT = "dwarf-with-dsym";
				ENABLE_NS_ASSERTIONS = NO;
				ENABLE_STRICT_OBJC_MSGSEND = YES;
				GCC_C_LANGUAGE_STANDARD = gnu99;
				GCC_NO_COMMON_BLOCKS = YES;
				GCC_WARN_64_TO_32_BIT_CONVERSION = YES;
				GCC_WARN_ABOUT_RETURN_TYPE = YES_ERROR;
				GCC_WARN_UNDECLARED_SELECTOR = YES;
				GCC_WARN_UNINITIALIZED_AUTOS = YES_AGGRESSIVE;
				GCC_WARN_UNUSED_FUNCTION = YES;
				GCC_WARN_UNUSED_VARIABLE = YES;
				IPHONEOS_DEPLOYMENT_TARGET = 9.0;
				MTL_ENABLE_DEBUG_INFO = NO;
				SDKROOT = iphoneos;
				VALIDATE_PRODUCT = YES;
			};
			name = Release;
		};
		1CDA25A31BCD604900E98B56 /* Debug */ = {
			isa = XCBuildConfiguration;
			buildSettings = {
				OTHER_LDFLAGS = "-ObjC";
				PRODUCT_NAME = "$(TARGET_NAME)";
				SKIP_INSTALL = YES;
			};
			name = Debug;
		};
		1CDA25A41BCD604900E98B56 /* Release */ = {
			isa = XCBuildConfiguration;
			buildSettings = {
				OTHER_LDFLAGS = "-ObjC";
				PRODUCT_NAME = "$(TARGET_NAME)";
				SKIP_INSTALL = YES;
			};
			name = Release;
		};
/* End XCBuildConfiguration section */

/* Begin XCConfigurationList section */
		1CDA25941BCD604800E98B56 /* Build configuration list for PBXProject "ModuleALib" */ = {
			isa = XCConfigurationList;
			buildConfigurations = (
				1CDA25A01BCD604900E98B56 /* Debug */,
				1CDA25A11BCD604900E98B56 /* Release */,
			);
			defaultConfigurationIsVisible = 0;
			defaultConfigurationName = Release;
		};
		1CDA25A21BCD604900E98B56 /* Build configuration list for PBXNativeTarget "ModuleALib" */ = {
			isa = XCConfigurationList;
			buildConfigurations = (
				1CDA25A31BCD604900E98B56 /* Debug */,
				1CDA25A41BCD604900E98B56 /* Release */,
			);
			defaultConfigurationIsVisible = 0;
			defaultConfigurationName = Release;
		};
/* End XCConfigurationList section */
	};
	rootObject = 1CDA25911BCD604800E98B56 /* Project object */;
}
